{
  "version": 3,
  "targets": {
    "net9.0": {},
    "net9.0/osx-arm64": {},
    "net9.0/osx-x64": {},
    "net9.0/win-x64": {}
  },
  "libraries": {},
  "projectFileDependencyGroups": {
    "net9.0": []
  },
  "packageFolders": {
    "C:\\Users\\Hussein Mohammed Ali\\.nuget\\packages\\": {}
  },
  "project": {
    "version": "1.0.0",
    "restore": {
      "projectUniqueName": "C:\\Users\\Hussein Mohammed Ali\\Desktop\\studier\\C#\\AIChatbotHorror\\AIChatbotHorror.csproj",
      "projectName": "AIChatbotHorror",
      "projectPath": "C:\\Users\\Hussein Mohammed Ali\\Desktop\\studier\\C#\\AIChatbotHorror\\AIChatbotHorror.csproj",
      "packagesPath": "C:\\Users\\Hussein Mohammed Ali\\.nuget\\packages\\",
      "outputPath": "C:\\Users\\Hussein Mohammed Ali\\Desktop\\studier\\C#\\AIChatbotHorror\\obj\\",
      "projectStyle": "PackageReference",
      "configFilePaths": [
        "C:\\Users\\Hussein Mohammed Ali\\AppData\\Roaming\\NuGet\\NuGet.Config"
      ],
      "originalTargetFrameworks": [
        "net9.0"
      ],
      "sources": {
        "C:\\Program Files\\dotnet\\library-packs": {},
        "https://api.nuget.org/v3/index.json": {}
      },
      "frameworks": {
        "net9.0": {
          "targetAlias": "net9.0",
          "projectReferences": {}
        }
      },
      "warningProperties": {
        "warnAsError": [
          "NU1605"
        ]
      },
      "restoreAuditProperties": {
        "enableAudit": "true",
        "auditLevel": "low",
        "auditMode": "direct"
      },
      "SdkAnalysisLevel": "9.0.200"
    },
    "frameworks": {
      "net9.0": {
        "targetAlias": "net9.0",
        "imports": [
          "net461",
          "net462",
          "net47",
          "net471",
          "net472",
          "net48",
          "net481"
        ],
        "assetTargetFallback": true,
        "warn": true,
        "downloadDependencies": [
          {
            "name": "Microsoft.AspNetCore.App.Runtime.osx-arm64",
            "version": "[9.0.2, 9.0.2]"
          },
          {
            "name": "Microsoft.AspNetCore.App.Runtime.osx-x64",
            "version": "[9.0.2, 9.0.2]"
          },
          {
            "name": "Microsoft.AspNetCore.App.Runtime.win-x64",
            "version": "[9.0.2, 9.0.2]"
          },
          {
            "name": "Microsoft.NETCore.App.Host.osx-arm64",
            "version": "[9.0.2, 9.0.2]"
          },
          {
            "name": "Microsoft.NETCore.App.Host.osx-x64",
            "version": "[9.0.2, 9.0.2]"
          },
          {
            "name": "Microsoft.NETCore.App.Runtime.osx-arm64",
            "version": "[9.0.2, 9.0.2]"
          },
          {
            "name": "Microsoft.NETCore.App.Runtime.osx-x64",
            "version": "[9.0.2, 9.0.2]"
          },
          {
            "name": "Microsoft.NETCore.App.Runtime.win-x64",
            "version": "[9.0.2, 9.0.2]"
          },
          {
            "name": "Microsoft.WindowsDesktop.App.Runtime.win-x64",
            "version": "[9.0.2, 9.0.2]"
          }
        ],
        "frameworkReferences": {
          "Microsoft.NETCore.App": {
            "privateAssets": "all"
          }
        },
        "runtimeIdentifierGraphPath": "C:\\Program Files\\dotnet\\sdk\\9.0.200/PortableRuntimeIdentifierGraph.json"
      }
    },
    "runtimes": {
      "osx-arm64": {
        "#import": []
      },
      "osx-x64": {
        "#import": []
      },
      "win-x64": {
        "#import": []
      }
    }
  }
}